
Microsoft Visual Studio Solution File, Format Version 12.00
# Visual Studio 15
VisualStudioVersion = 15.0.27130.2010
MinimumVisualStudioVersion = 10.0.40219.1
Project("{FAE04EC0-301F-11D3-BF4B-00C04F79EFBC}") = "ConsoleApp2", "ConsoleApp2\ConsoleApp2.csproj", "{922BC385-AB60-40DE-8C6D-6FE917BE273A}"
EndProject
Global
	GlobalSection(SolutionConfigurationPlatforms) = preSolution
		Debug|Any CPU = Debug|Any CPU
		Release|Any CPU = Release|Any CPU
	EndGlobalSection
	GlobalSection(ProjectConfigurationPlatforms) = postSolution
		{922BC385-AB60-40DE-8C6D-6FE917BE273A}.Debug|Any CPU.ActiveCfg = Debug|Any CPU
		{922BC385-AB60-40DE-8C6D-6FE917BE273A}.Debug|Any CPU.Build.0 = Debug|Any CPU
		{922BC385-AB60-40DE-8C6D-6FE917BE273A}.Release|Any CPU.ActiveCfg = Release|Any CPU
		{922BC385-AB60-40DE-8C6D-6FE917BE273A}.Release|Any CPU.Build.0 = Release|Any CPU
	EndGlobalSection
	GlobalSection(SolutionProperties) = preSolution
		HideSolutionNode = FALSE
	EndGlobalSection
	GlobalSection(ExtensibilityGlobals) = postSolution
		SolutionGuid = {F0C4CC4A-667D-4B79-B631-3559C91248D2}
	EndGlobalSection
EndGlobal
